// !$*UTF8*$!
{
	archiveVersion = 1;
	classes = {
	};
	objectVersion = 51;
	objects = {

/* Begin PBXBuildFile section */
		285FB42AF6044A3D7B80F9A2 /* Pods_Instagram_FBU2Tests.framework in Frameworks */ = {isa = PBXBuildFile; fileRef = 30D3A4041FF4F3158E3F002B /* Pods_Instagram_FBU2Tests.framework */; };
		C19310FA571039C98C76E2F5 /* Pods_Instagram_FBU2_Instagram_FBU2UITests.framework in Frameworks */ = {isa = PBXBuildFile; fileRef = 2FE488BCA32EE61970CB4281 /* Pods_Instagram_FBU2_Instagram_FBU2UITests.framework */; };
		DF3CB6BE2698E5350021C212 /* LaunchScreen.storyboard in Resources */ = {isa = PBXBuildFile; fileRef = DF3CB6902698E5350021C212 /* LaunchScreen.storyboard */; };
		DF3CB6BF2698E5350021C212 /* Main.storyboard in Resources */ = {isa = PBXBuildFile; fileRef = DF3CB6922698E5350021C212 /* Main.storyboard */; };
		DF3CB6C02698E5350021C212 /* Assets.xcassets in Resources */ = {isa = PBXBuildFile; fileRef = DF3CB6962698E5350021C212 /* Assets.xcassets */; };
		DF3CB6C12698E5350021C212 /* SceneDelegate.m in Sources */ = {isa = PBXBuildFile; fileRef = DF3CB6972698E5350021C212 /* SceneDelegate.m */; };
		DF3CB6C22698E5350021C212 /* main.m in Sources */ = {isa = PBXBuildFile; fileRef = DF3CB6982698E5350021C212 /* main.m */; };
		DF3CB6C32698E5350021C212 /* AppDelegate.m in Sources */ = {isa = PBXBuildFile; fileRef = DF3CB6992698E5350021C212 /* AppDelegate.m */; };
		DF3CB6C42698E5350021C212 /* MediaManager.m in Sources */ = {isa = PBXBuildFile; fileRef = DF3CB69E2698E5350021C212 /* MediaManager.m */; };
		DF3CB6C52698E5350021C212 /* UserProfile.m in Sources */ = {isa = PBXBuildFile; fileRef = DF3CB69F2698E5350021C212 /* UserProfile.m */; };
		DF3CB6C62698E5350021C212 /* Post.m in Sources */ = {isa = PBXBuildFile; fileRef = DF3CB6A02698E5350021C212 /* Post.m */; };
		DF3CB6C72698E5350021C212 /* Comment.m in Sources */ = {isa = PBXBuildFile; fileRef = DF3CB6A12698E5350021C212 /* Comment.m */; };
		DF3CB6C82698E5350021C212 /* Keys.plist in Resources */ = {isa = PBXBuildFile; fileRef = DF3CB6A42698E5350021C212 /* Keys.plist */; };
		DF3CB6C92698E5350021C212 /* TabBarController.m in Sources */ = {isa = PBXBuildFile; fileRef = DF3CB6A62698E5350021C212 /* TabBarController.m */; };
		DF3CB6CA2698E5350021C212 /* SettingsViewController.m in Sources */ = {isa = PBXBuildFile; fileRef = DF3CB6A72698E5350021C212 /* SettingsViewController.m */; };
		DF3CB6CB2698E5350021C212 /* FeedViewController.m in Sources */ = {isa = PBXBuildFile; fileRef = DF3CB6A82698E5350021C212 /* FeedViewController.m */; };
		DF3CB6CC2698E5350021C212 /* LoginViewController.m in Sources */ = {isa = PBXBuildFile; fileRef = DF3CB6AA2698E5350021C212 /* LoginViewController.m */; };
		DF3CB6CD2698E5350021C212 /* DetailViewController.m in Sources */ = {isa = PBXBuildFile; fileRef = DF3CB6AC2698E5350021C212 /* DetailViewController.m */; };
		DF3CB6CE2698E5350021C212 /* EditPostViewController.m in Sources */ = {isa = PBXBuildFile; fileRef = DF3CB6AE2698E5350021C212 /* EditPostViewController.m */; };
		DF3CB6CF2698E5350021C212 /* ProfileViewController.m in Sources */ = {isa = PBXBuildFile; fileRef = DF3CB6B12698E5350021C212 /* ProfileViewController.m */; };
		DF3CB6D02698E5350021C212 /* PostTableViewCell.m in Sources */ = {isa = PBXBuildFile; fileRef = DF3CB6B52698E5350021C212 /* PostTableViewCell.m */; };
		DF3CB6D12698E5350021C212 /* PostCollectionViewCell.m in Sources */ = {isa = PBXBuildFile; fileRef = DF3CB6B62698E5350021C212 /* PostCollectionViewCell.m */; };
		DF3CB6D22698E5350021C212 /* CommentTableViewCell.m in Sources */ = {isa = PBXBuildFile; fileRef = DF3CB6B92698E5350021C212 /* CommentTableViewCell.m */; };
		DF3CB6D32698E5350021C212 /* ProfileHeaderCollectionReusableView.m in Sources */ = {isa = PBXBuildFile; fileRef = DF3CB6BC2698E5350021C212 /* ProfileHeaderCollectionReusableView.m */; };
		DFFD2D732698E36D003911FE /* Instagram_FBU2Tests.m in Sources */ = {isa = PBXBuildFile; fileRef = DFFD2D722698E36D003911FE /* Instagram_FBU2Tests.m */; };
		DFFD2D7E2698E36D003911FE /* Instagram_FBU2UITests.m in Sources */ = {isa = PBXBuildFile; fileRef = DFFD2D7D2698E36D003911FE /* Instagram_FBU2UITests.m */; };
		F4541239487B2E2BFDACD1F4 /* Pods_Instagram_FBU2.framework in Frameworks */ = {isa = PBXBuildFile; fileRef = A96EF7CDEE2FA245E635CA56 /* Pods_Instagram_FBU2.framework */; };
/* End PBXBuildFile section */

/* Begin PBXContainerItemProxy section */
		DFFD2D6F2698E36D003911FE /* PBXContainerItemProxy */ = {
			isa = PBXContainerItemProxy;
			containerPortal = DFFD2D4B2698E36C003911FE /* Project object */;
			proxyType = 1;
			remoteGlobalIDString = DFFD2D522698E36C003911FE;
			remoteInfo = "Instagram FBU2";
		};
		DFFD2D7A2698E36D003911FE /* PBXContainerItemProxy */ = {
			isa = PBXContainerItemProxy;
			containerPortal = DFFD2D4B2698E36C003911FE /* Project object */;
			proxyType = 1;
			remoteGlobalIDString = DFFD2D522698E36C003911FE;
			remoteInfo = "Instagram FBU2";
		};
/* End PBXContainerItemProxy section */

/* Begin PBXFileReference section */
		26944CF982E78553BF4B2974 /* Pods-Instagram FBU2.release.xcconfig */ = {isa = PBXFileReference; includeInIndex = 1; lastKnownFileType = text.xcconfig; name = "Pods-Instagram FBU2.release.xcconfig"; path = "Target Support Files/Pods-Instagram FBU2/Pods-Instagram FBU2.release.xcconfig"; sourceTree = "<group>"; };
		2FE488BCA32EE61970CB4281 /* Pods_Instagram_FBU2_Instagram_FBU2UITests.framework */ = {isa = PBXFileReference; explicitFileType = wrapper.framework; includeInIndex = 0; path = Pods_Instagram_FBU2_Instagram_FBU2UITests.framework; sourceTree = BUILT_PRODUCTS_DIR; };
		30D3A4041FF4F3158E3F002B /* Pods_Instagram_FBU2Tests.framework */ = {isa = PBXFileReference; explicitFileType = wrapper.framework; includeInIndex = 0; path = Pods_Instagram_FBU2Tests.framework; sourceTree = BUILT_PRODUCTS_DIR; };
		3CC430B799EC4159E1F220D5 /* Pods-Instagram FBU2-Instagram FBU2UITests.release.xcconfig */ = {isa = PBXFileReference; includeInIndex = 1; lastKnownFileType = text.xcconfig; name = "Pods-Instagram FBU2-Instagram FBU2UITests.release.xcconfig"; path = "Target Support Files/Pods-Instagram FBU2-Instagram FBU2UITests/Pods-Instagram FBU2-Instagram FBU2UITests.release.xcconfig"; sourceTree = "<group>"; };
		4160EFA7CBEF18452BDC9BDD /* Pods-Instagram FBU2Tests.debug.xcconfig */ = {isa = PBXFileReference; includeInIndex = 1; lastKnownFileType = text.xcconfig; name = "Pods-Instagram FBU2Tests.debug.xcconfig"; path = "Target Support Files/Pods-Instagram FBU2Tests/Pods-Instagram FBU2Tests.debug.xcconfig"; sourceTree = "<group>"; };
		624741A4EE7228AFA5A41607 /* Pods-Instagram FBU2Tests.release.xcconfig */ = {isa = PBXFileReference; includeInIndex = 1; lastKnownFileType = text.xcconfig; name = "Pods-Instagram FBU2Tests.release.xcconfig"; path = "Target Support Files/Pods-Instagram FBU2Tests/Pods-Instagram FBU2Tests.release.xcconfig"; sourceTree = "<group>"; };
		88C858E4428BF2A73C9AC98C /* Pods-Instagram FBU2.debug.xcconfig */ = {isa = PBXFileReference; includeInIndex = 1; lastKnownFileType = text.xcconfig; name = "Pods-Instagram FBU2.debug.xcconfig"; path = "Target Support Files/Pods-Instagram FBU2/Pods-Instagram FBU2.debug.xcconfig"; sourceTree = "<group>"; };
		A96EF7CDEE2FA245E635CA56 /* Pods_Instagram_FBU2.framework */ = {isa = PBXFileReference; explicitFileType = wrapper.framework; includeInIndex = 0; path = Pods_Instagram_FBU2.framework; sourceTree = BUILT_PRODUCTS_DIR; };
		D24245B7F42C76652AEAD88F /* Pods-Instagram FBU2-Instagram FBU2UITests.debug.xcconfig */ = {isa = PBXFileReference; includeInIndex = 1; lastKnownFileType = text.xcconfig; name = "Pods-Instagram FBU2-Instagram FBU2UITests.debug.xcconfig"; path = "Target Support Files/Pods-Instagram FBU2-Instagram FBU2UITests/Pods-Instagram FBU2-Instagram FBU2UITests.debug.xcconfig"; sourceTree = "<group>"; };
		DF3CB6912698E5350021C212 /* Base */ = {isa = PBXFileReference; lastKnownFileType = file.storyboard; name = Base; path = Base.lproj/LaunchScreen.storyboard; sourceTree = "<group>"; };
		DF3CB6932698E5350021C212 /* Base */ = {isa = PBXFileReference; lastKnownFileType = file.storyboard; name = Base; path = Base.lproj/Main.storyboard; sourceTree = "<group>"; };
		DF3CB6952698E5350021C212 /* AppDelegate.h */ = {isa = PBXFileReference; fileEncoding = 4; lastKnownFileType = sourcecode.c.h; path = AppDelegate.h; sourceTree = "<group>"; };
		DF3CB6962698E5350021C212 /* Assets.xcassets */ = {isa = PBXFileReference; lastKnownFileType = folder.assetcatalog; path = Assets.xcassets; sourceTree = "<group>"; };
		DF3CB6972698E5350021C212 /* SceneDelegate.m */ = {isa = PBXFileReference; fileEncoding = 4; lastKnownFileType = sourcecode.c.objc; path = SceneDelegate.m; sourceTree = "<group>"; };
		DF3CB6982698E5350021C212 /* main.m */ = {isa = PBXFileReference; fileEncoding = 4; lastKnownFileType = sourcecode.c.objc; path = main.m; sourceTree = "<group>"; };
		DF3CB6992698E5350021C212 /* AppDelegate.m */ = {isa = PBXFileReference; fileEncoding = 4; lastKnownFileType = sourcecode.c.objc; path = AppDelegate.m; sourceTree = "<group>"; };
		DF3CB69A2698E5350021C212 /* SceneDelegate.h */ = {isa = PBXFileReference; fileEncoding = 4; lastKnownFileType = sourcecode.c.h; path = SceneDelegate.h; sourceTree = "<group>"; };
		DF3CB69C2698E5350021C212 /* Post.h */ = {isa = PBXFileReference; fileEncoding = 4; lastKnownFileType = sourcecode.c.h; path = Post.h; sourceTree = "<group>"; };
		DF3CB69D2698E5350021C212 /* Comment.h */ = {isa = PBXFileReference; fileEncoding = 4; lastKnownFileType = sourcecode.c.h; path = Comment.h; sourceTree = "<group>"; };
		DF3CB69E2698E5350021C212 /* MediaManager.m */ = {isa = PBXFileReference; fileEncoding = 4; lastKnownFileType = sourcecode.c.objc; path = MediaManager.m; sourceTree = "<group>"; };
		DF3CB69F2698E5350021C212 /* UserProfile.m */ = {isa = PBXFileReference; fileEncoding = 4; lastKnownFileType = sourcecode.c.objc; path = UserProfile.m; sourceTree = "<group>"; };
		DF3CB6A02698E5350021C212 /* Post.m */ = {isa = PBXFileReference; fileEncoding = 4; lastKnownFileType = sourcecode.c.objc; path = Post.m; sourceTree = "<group>"; };
		DF3CB6A12698E5350021C212 /* Comment.m */ = {isa = PBXFileReference; fileEncoding = 4; lastKnownFileType = sourcecode.c.objc; path = Comment.m; sourceTree = "<group>"; };
		DF3CB6A22698E5350021C212 /* UserProfile.h */ = {isa = PBXFileReference; fileEncoding = 4; lastKnownFileType = sourcecode.c.h; path = UserProfile.h; sourceTree = "<group>"; };
		DF3CB6A32698E5350021C212 /* MediaManager.h */ = {isa = PBXFileReference; fileEncoding = 4; lastKnownFileType = sourcecode.c.h; path = MediaManager.h; sourceTree = "<group>"; };
		DF3CB6A42698E5350021C212 /* Keys.plist */ = {isa = PBXFileReference; fileEncoding = 4; lastKnownFileType = text.plist.xml; path = Keys.plist; sourceTree = "<group>"; };
		DF3CB6A62698E5350021C212 /* TabBarController.m */ = {isa = PBXFileReference; fileEncoding = 4; lastKnownFileType = sourcecode.c.objc; path = TabBarController.m; sourceTree = "<group>"; };
		DF3CB6A72698E5350021C212 /* SettingsViewController.m */ = {isa = PBXFileReference; fileEncoding = 4; lastKnownFileType = sourcecode.c.objc; path = SettingsViewController.m; sourceTree = "<group>"; };
		DF3CB6A82698E5350021C212 /* FeedViewController.m */ = {isa = PBXFileReference; fileEncoding = 4; lastKnownFileType = sourcecode.c.objc; path = FeedViewController.m; sourceTree = "<group>"; };
		DF3CB6A92698E5350021C212 /* EditPostViewController.h */ = {isa = PBXFileReference; fileEncoding = 4; lastKnownFileType = sourcecode.c.h; path = EditPostViewController.h; sourceTree = "<group>"; };
		DF3CB6AA2698E5350021C212 /* LoginViewController.m */ = {isa = PBXFileReference; fileEncoding = 4; lastKnownFileType = sourcecode.c.objc; path = LoginViewController.m; sourceTree = "<group>"; };
		DF3CB6AB2698E5350021C212 /* ProfileViewController.h */ = {isa = PBXFileReference; fileEncoding = 4; lastKnownFileType = sourcecode.c.h; path = ProfileViewController.h; sourceTree = "<group>"; };
		DF3CB6AC2698E5350021C212 /* DetailViewController.m */ = {isa = PBXFileReference; fileEncoding = 4; lastKnownFileType = sourcecode.c.objc; path = DetailViewController.m; sourceTree = "<group>"; };
		DF3CB6AD2698E5350021C212 /* TabBarController.h */ = {isa = PBXFileReference; fileEncoding = 4; lastKnownFileType = sourcecode.c.h; path = TabBarController.h; sourceTree = "<group>"; };
		DF3CB6AE2698E5350021C212 /* EditPostViewController.m */ = {isa = PBXFileReference; fileEncoding = 4; lastKnownFileType = sourcecode.c.objc; path = EditPostViewController.m; sourceTree = "<group>"; };
		DF3CB6AF2698E5350021C212 /* FeedViewController.h */ = {isa = PBXFileReference; fileEncoding = 4; lastKnownFileType = sourcecode.c.h; path = FeedViewController.h; sourceTree = "<group>"; };
		DF3CB6B02698E5350021C212 /* SettingsViewController.h */ = {isa = PBXFileReference; fileEncoding = 4; lastKnownFileType = sourcecode.c.h; path = SettingsViewController.h; sourceTree = "<group>"; };
		DF3CB6B12698E5350021C212 /* ProfileViewController.m */ = {isa = PBXFileReference; fileEncoding = 4; lastKnownFileType = sourcecode.c.objc; path = ProfileViewController.m; sourceTree = "<group>"; };
		DF3CB6B22698E5350021C212 /* LoginViewController.h */ = {isa = PBXFileReference; fileEncoding = 4; lastKnownFileType = sourcecode.c.h; path = LoginViewController.h; sourceTree = "<group>"; };
		DF3CB6B32698E5350021C212 /* DetailViewController.h */ = {isa = PBXFileReference; fileEncoding = 4; lastKnownFileType = sourcecode.c.h; path = DetailViewController.h; sourceTree = "<group>"; };
		DF3CB6B52698E5350021C212 /* PostTableViewCell.m */ = {isa = PBXFileReference; fileEncoding = 4; lastKnownFileType = sourcecode.c.objc; path = PostTableViewCell.m; sourceTree = "<group>"; };
		DF3CB6B62698E5350021C212 /* PostCollectionViewCell.m */ = {isa = PBXFileReference; fileEncoding = 4; lastKnownFileType = sourcecode.c.objc; path = PostCollectionViewCell.m; sourceTree = "<group>"; };
		DF3CB6B72698E5350021C212 /* CommentTableViewCell.h */ = {isa = PBXFileReference; fileEncoding = 4; lastKnownFileType = sourcecode.c.h; path = CommentTableViewCell.h; sourceTree = "<group>"; };
		DF3CB6B82698E5350021C212 /* ProfileHeaderCollectionReusableView.h */ = {isa = PBXFileReference; fileEncoding = 4; lastKnownFileType = sourcecode.c.h; path = ProfileHeaderCollectionReusableView.h; sourceTree = "<group>"; };
		DF3CB6B92698E5350021C212 /* CommentTableViewCell.m */ = {isa = PBXFileReference; fileEncoding = 4; lastKnownFileType = sourcecode.c.objc; path = CommentTableViewCell.m; sourceTree = "<group>"; };
		DF3CB6BA2698E5350021C212 /* PostCollectionViewCell.h */ = {isa = PBXFileReference; fileEncoding = 4; lastKnownFileType = sourcecode.c.h; path = PostCollectionViewCell.h; sourceTree = "<group>"; };
		DF3CB6BB2698E5350021C212 /* PostTableViewCell.h */ = {isa = PBXFileReference; fileEncoding = 4; lastKnownFileType = sourcecode.c.h; path = PostTableViewCell.h; sourceTree = "<group>"; };
		DF3CB6BC2698E5350021C212 /* ProfileHeaderCollectionReusableView.m */ = {isa = PBXFileReference; fileEncoding = 4; lastKnownFileType = sourcecode.c.objc; path = ProfileHeaderCollectionReusableView.m; sourceTree = "<group>"; };
		DF3CB6D92698E6DB0021C212 /* Info.plist */ = {isa = PBXFileReference; fileEncoding = 4; lastKnownFileType = text.plist.xml; path = Info.plist; sourceTree = "<group>"; };
		DFFD2D532698E36C003911FE /* Instagram FBU2.app */ = {isa = PBXFileReference; explicitFileType = wrapper.application; includeInIndex = 0; path = "Instagram FBU2.app"; sourceTree = BUILT_PRODUCTS_DIR; };
		DFFD2D6E2698E36D003911FE /* Instagram FBU2Tests.xctest */ = {isa = PBXFileReference; explicitFileType = wrapper.cfbundle; includeInIndex = 0; path = "Instagram FBU2Tests.xctest"; sourceTree = BUILT_PRODUCTS_DIR; };
		DFFD2D722698E36D003911FE /* Instagram_FBU2Tests.m */ = {isa = PBXFileReference; lastKnownFileType = sourcecode.c.objc; path = Instagram_FBU2Tests.m; sourceTree = "<group>"; };
		DFFD2D742698E36D003911FE /* Info.plist */ = {isa = PBXFileReference; lastKnownFileType = text.plist.xml; path = Info.plist; sourceTree = "<group>"; };
		DFFD2D792698E36D003911FE /* Instagram FBU2UITests.xctest */ = {isa = PBXFileReference; explicitFileType = wrapper.cfbundle; includeInIndex = 0; path = "Instagram FBU2UITests.xctest"; sourceTree = BUILT_PRODUCTS_DIR; };
		DFFD2D7D2698E36D003911FE /* Instagram_FBU2UITests.m */ = {isa = PBXFileReference; lastKnownFileType = sourcecode.c.objc; path = Instagram_FBU2UITests.m; sourceTree = "<group>"; };
		DFFD2D7F2698E36D003911FE /* Info.plist */ = {isa = PBXFileReference; lastKnownFileType = text.plist.xml; path = Info.plist; sourceTree = "<group>"; };
/* End PBXFileReference section */

/* Begin PBXFrameworksBuildPhase section */
		DFFD2D502698E36C003911FE /* Frameworks */ = {
			isa = PBXFrameworksBuildPhase;
			buildActionMask = 2147483647;
			files = (
				F4541239487B2E2BFDACD1F4 /* Pods_Instagram_FBU2.framework in Frameworks */,
			);
			runOnlyForDeploymentPostprocessing = 0;
		};
		DFFD2D6B2698E36D003911FE /* Frameworks */ = {
			isa = PBXFrameworksBuildPhase;
			buildActionMask = 2147483647;
			files = (
				285FB42AF6044A3D7B80F9A2 /* Pods_Instagram_FBU2Tests.framework in Frameworks */,
			);
			runOnlyForDeploymentPostprocessing = 0;
		};
		DFFD2D762698E36D003911FE /* Frameworks */ = {
			isa = PBXFrameworksBuildPhase;
			buildActionMask = 2147483647;
			files = (
				C19310FA571039C98C76E2F5 /* Pods_Instagram_FBU2_Instagram_FBU2UITests.framework in Frameworks */,
			);
			runOnlyForDeploymentPostprocessing = 0;
		};
/* End PBXFrameworksBuildPhase section */

/* Begin PBXGroup section */
		3FF2568DACDD67B2FF256685 /* Frameworks */ = {
			isa = PBXGroup;
			children = (
				A96EF7CDEE2FA245E635CA56 /* Pods_Instagram_FBU2.framework */,
				2FE488BCA32EE61970CB4281 /* Pods_Instagram_FBU2_Instagram_FBU2UITests.framework */,
				30D3A4041FF4F3158E3F002B /* Pods_Instagram_FBU2Tests.framework */,
			);
			name = Frameworks;
			sourceTree = "<group>";
		};
		DF3CB68F2698E5350021C212 /* Storyboards */ = {
			isa = PBXGroup;
			children = (
				DF3CB6902698E5350021C212 /* LaunchScreen.storyboard */,
				DF3CB6922698E5350021C212 /* Main.storyboard */,
			);
			path = Storyboards;
			sourceTree = "<group>";
		};
		DF3CB6942698E5350021C212 /* Core */ = {
			isa = PBXGroup;
			children = (
				DF3CB6952698E5350021C212 /* AppDelegate.h */,
				DF3CB6962698E5350021C212 /* Assets.xcassets */,
				DF3CB6982698E5350021C212 /* main.m */,
				DF3CB6992698E5350021C212 /* AppDelegate.m */,
				DF3CB69A2698E5350021C212 /* SceneDelegate.h */,
				DF3CB6972698E5350021C212 /* SceneDelegate.m */,
			);
			path = Core;
			sourceTree = "<group>";
		};
		DF3CB69B2698E5350021C212 /* Models */ = {
			isa = PBXGroup;
			children = (
				DF3CB69C2698E5350021C212 /* Post.h */,
				DF3CB69D2698E5350021C212 /* Comment.h */,
				DF3CB69E2698E5350021C212 /* MediaManager.m */,
				DF3CB69F2698E5350021C212 /* UserProfile.m */,
				DF3CB6A02698E5350021C212 /* Post.m */,
				DF3CB6A12698E5350021C212 /* Comment.m */,
				DF3CB6A22698E5350021C212 /* UserProfile.h */,
				DF3CB6A32698E5350021C212 /* MediaManager.h */,
			);
			path = Models;
			sourceTree = "<group>";
		};
		DF3CB6A52698E5350021C212 /* ViewControllers */ = {
			isa = PBXGroup;
			children = (
				DF3CB6A62698E5350021C212 /* TabBarController.m */,
				DF3CB6A72698E5350021C212 /* SettingsViewController.m */,
				DF3CB6A82698E5350021C212 /* FeedViewController.m */,
				DF3CB6A92698E5350021C212 /* EditPostViewController.h */,
				DF3CB6AA2698E5350021C212 /* LoginViewController.m */,
				DF3CB6AB2698E5350021C212 /* ProfileViewController.h */,
				DF3CB6AC2698E5350021C212 /* DetailViewController.m */,
				DF3CB6AD2698E5350021C212 /* TabBarController.h */,
				DF3CB6AE2698E5350021C212 /* EditPostViewController.m */,
				DF3CB6AF2698E5350021C212 /* FeedViewController.h */,
				DF3CB6B02698E5350021C212 /* SettingsViewController.h */,
				DF3CB6B12698E5350021C212 /* ProfileViewController.m */,
				DF3CB6B22698E5350021C212 /* LoginViewController.h */,
				DF3CB6B32698E5350021C212 /* DetailViewController.h */,
			);
			path = ViewControllers;
			sourceTree = "<group>";
		};
		DF3CB6B42698E5350021C212 /* View */ = {
			isa = PBXGroup;
			children = (
				DF3CB6B52698E5350021C212 /* PostTableViewCell.m */,
				DF3CB6B62698E5350021C212 /* PostCollectionViewCell.m */,
				DF3CB6B72698E5350021C212 /* CommentTableViewCell.h */,
				DF3CB6B82698E5350021C212 /* ProfileHeaderCollectionReusableView.h */,
				DF3CB6B92698E5350021C212 /* CommentTableViewCell.m */,
				DF3CB6BA2698E5350021C212 /* PostCollectionViewCell.h */,
				DF3CB6BB2698E5350021C212 /* PostTableViewCell.h */,
				DF3CB6BC2698E5350021C212 /* ProfileHeaderCollectionReusableView.m */,
			);
			path = View;
			sourceTree = "<group>";
		};
		DF3CB6D52698E58C0021C212 /* Instagram FBU2 */ = {
			isa = PBXGroup;
			children = (
				DF3CB68F2698E5350021C212 /* Storyboards */,
				DF3CB6942698E5350021C212 /* Core */,
				DF3CB69B2698E5350021C212 /* Models */,
				DF3CB6A42698E5350021C212 /* Keys.plist */,
				DF3CB6A52698E5350021C212 /* ViewControllers */,
				DF3CB6B42698E5350021C212 /* View */,
				DF3CB6D92698E6DB0021C212 /* Info.plist */,
			);
			path = "Instagram FBU2";
			sourceTree = "<group>";
		};
		DFFD2D4A2698E36C003911FE = {
			isa = PBXGroup;
			children = (
				DF3CB6D52698E58C0021C212 /* Instagram FBU2 */,
				DFFD2D712698E36D003911FE /* Instagram FBU2Tests */,
				DFFD2D7C2698E36D003911FE /* Instagram FBU2UITests */,
				DFFD2D542698E36C003911FE /* Products */,
				F35F352B4630DCDE0ADE93C4 /* Pods */,
				3FF2568DACDD67B2FF256685 /* Frameworks */,
			);
			sourceTree = "<group>";
		};
		DFFD2D542698E36C003911FE /* Products */ = {
			isa = PBXGroup;
			children = (
				DFFD2D532698E36C003911FE /* Instagram FBU2.app */,
				DFFD2D6E2698E36D003911FE /* Instagram FBU2Tests.xctest */,
				DFFD2D792698E36D003911FE /* Instagram FBU2UITests.xctest */,
			);
			name = Products;
			sourceTree = "<group>";
		};
		DFFD2D712698E36D003911FE /* Instagram FBU2Tests */ = {
			isa = PBXGroup;
			children = (
				DFFD2D722698E36D003911FE /* Instagram_FBU2Tests.m */,
				DFFD2D742698E36D003911FE /* Info.plist */,
			);
			path = "Instagram FBU2Tests";
			sourceTree = "<group>";
		};
		DFFD2D7C2698E36D003911FE /* Instagram FBU2UITests */ = {
			isa = PBXGroup;
			children = (
				DFFD2D7D2698E36D003911FE /* Instagram_FBU2UITests.m */,
				DFFD2D7F2698E36D003911FE /* Info.plist */,
			);
			path = "Instagram FBU2UITests";
			sourceTree = "<group>";
		};
		F35F352B4630DCDE0ADE93C4 /* Pods */ = {
			isa = PBXGroup;
			children = (
				88C858E4428BF2A73C9AC98C /* Pods-Instagram FBU2.debug.xcconfig */,
				26944CF982E78553BF4B2974 /* Pods-Instagram FBU2.release.xcconfig */,
				D24245B7F42C76652AEAD88F /* Pods-Instagram FBU2-Instagram FBU2UITests.debug.xcconfig */,
				3CC430B799EC4159E1F220D5 /* Pods-Instagram FBU2-Instagram FBU2UITests.release.xcconfig */,
				4160EFA7CBEF18452BDC9BDD /* Pods-Instagram FBU2Tests.debug.xcconfig */,
				624741A4EE7228AFA5A41607 /* Pods-Instagram FBU2Tests.release.xcconfig */,
			);
			path = Pods;
			sourceTree = "<group>";
		};
/* End PBXGroup section */

/* Begin PBXNativeTarget section */
		DFFD2D522698E36C003911FE /* Instagram FBU2 */ = {
			isa = PBXNativeTarget;
			buildConfigurationList = DFFD2D822698E36D003911FE /* Build configuration list for PBXNativeTarget "Instagram FBU2" */;
			buildPhases = (
				A02D8B96E681816476D23C25 /* [CP] Check Pods Manifest.lock */,
				DFFD2D4F2698E36C003911FE /* Sources */,
				DFFD2D502698E36C003911FE /* Frameworks */,
				DFFD2D512698E36C003911FE /* Resources */,
				91A337BBE6550FEBBC359106 /* [CP] Embed Pods Frameworks */,
			);
			buildRules = (
			);
			dependencies = (
			);
			name = "Instagram FBU2";
			productName = "Instagram FBU2";
			productReference = DFFD2D532698E36C003911FE /* Instagram FBU2.app */;
			productType = "com.apple.product-type.application";
		};
		DFFD2D6D2698E36D003911FE /* Instagram FBU2Tests */ = {
			isa = PBXNativeTarget;
			buildConfigurationList = DFFD2D852698E36D003911FE /* Build configuration list for PBXNativeTarget "Instagram FBU2Tests" */;
			buildPhases = (
				F03C137EDB83945AEF283DB9 /* [CP] Check Pods Manifest.lock */,
				DFFD2D6A2698E36D003911FE /* Sources */,
				DFFD2D6B2698E36D003911FE /* Frameworks */,
				DFFD2D6C2698E36D003911FE /* Resources */,
			);
			buildRules = (
			);
			dependencies = (
				DFFD2D702698E36D003911FE /* PBXTargetDependency */,
			);
			name = "Instagram FBU2Tests";
			productName = "Instagram FBU2Tests";
			productReference = DFFD2D6E2698E36D003911FE /* Instagram FBU2Tests.xctest */;
			productType = "com.apple.product-type.bundle.unit-test";
		};
		DFFD2D782698E36D003911FE /* Instagram FBU2UITests */ = {
			isa = PBXNativeTarget;
			buildConfigurationList = DFFD2D882698E36D003911FE /* Build configuration list for PBXNativeTarget "Instagram FBU2UITests" */;
			buildPhases = (
				9D0F76660CC16B92E5B7F15C /* [CP] Check Pods Manifest.lock */,
				DFFD2D752698E36D003911FE /* Sources */,
				DFFD2D762698E36D003911FE /* Frameworks */,
				DFFD2D772698E36D003911FE /* Resources */,
				8E7E843AC81DB4EFA8EC7A83 /* [CP] Embed Pods Frameworks */,
			);
			buildRules = (
			);
			dependencies = (
				DFFD2D7B2698E36D003911FE /* PBXTargetDependency */,
			);
			name = "Instagram FBU2UITests";
			productName = "Instagram FBU2UITests";
			productReference = DFFD2D792698E36D003911FE /* Instagram FBU2UITests.xctest */;
			productType = "com.apple.product-type.bundle.ui-testing";
		};
/* End PBXNativeTarget section */

/* Begin PBXProject section */
		DFFD2D4B2698E36C003911FE /* Project object */ = {
			isa = PBXProject;
			attributes = {
				LastUpgradeCheck = 1250;
				TargetAttributes = {
					DFFD2D522698E36C003911FE = {
						CreatedOnToolsVersion = 12.5.1;
					};
					DFFD2D6D2698E36D003911FE = {
						CreatedOnToolsVersion = 12.5.1;
						TestTargetID = DFFD2D522698E36C003911FE;
					};
					DFFD2D782698E36D003911FE = {
						CreatedOnToolsVersion = 12.5.1;
						TestTargetID = DFFD2D522698E36C003911FE;
					};
				};
			};
			buildConfigurationList = DFFD2D4E2698E36C003911FE /* Build configuration list for PBXProject "Instagram FBU2" */;
			compatibilityVersion = "Xcode 9.3";
			developmentRegion = en;
			hasScannedForEncodings = 0;
			knownRegions = (
				en,
				Base,
			);
			mainGroup = DFFD2D4A2698E36C003911FE;
			productRefGroup = DFFD2D542698E36C003911FE /* Products */;
			projectDirPath = "";
			projectRoot = "";
			targets = (
				DFFD2D522698E36C003911FE /* Instagram FBU2 */,
				DFFD2D6D2698E36D003911FE /* Instagram FBU2Tests */,
				DFFD2D782698E36D003911FE /* Instagram FBU2UITests */,
			);
		};
/* End PBXProject section */

/* Begin PBXResourcesBuildPhase section */
		DFFD2D512698E36C003911FE /* Resources */ = {
			isa = PBXResourcesBuildPhase;
			buildActionMask = 2147483647;
			files = (
				DF3CB6BF2698E5350021C212 /* Main.storyboard in Resources */,
				DF3CB6BE2698E5350021C212 /* LaunchScreen.storyboard in Resources */,
				DF3CB6C82698E5350021C212 /* Keys.plist in Resources */,
				DF3CB6C02698E5350021C212 /* Assets.xcassets in Resources */,
			);
			runOnlyForDeploymentPostprocessing = 0;
		};
		DFFD2D6C2698E36D003911FE /* Resources */ = {
			isa = PBXResourcesBuildPhase;
			buildActionMask = 2147483647;
			files = (
			);
			runOnlyForDeploymentPostprocessing = 0;
		};
		DFFD2D772698E36D003911FE /* Resources */ = {
			isa = PBXResourcesBuildPhase;
			buildActionMask = 2147483647;
			files = (
			);
			runOnlyForDeploymentPostprocessing = 0;
		};
/* End PBXResourcesBuildPhase section */

/* Begin PBXShellScriptBuildPhase section */
		8E7E843AC81DB4EFA8EC7A83 /* [CP] Embed Pods Frameworks */ = {
			isa = PBXShellScriptBuildPhase;
			buildActionMask = 2147483647;
			files = (
			);
			inputFileListPaths = (
				"${PODS_ROOT}/Target Support Files/Pods-Instagram FBU2-Instagram FBU2UITests/Pods-Instagram FBU2-Instagram FBU2UITests-frameworks-${CONFIGURATION}-input-files.xcfilelist",
			);
			name = "[CP] Embed Pods Frameworks";
			outputFileListPaths = (
				"${PODS_ROOT}/Target Support Files/Pods-Instagram FBU2-Instagram FBU2UITests/Pods-Instagram FBU2-Instagram FBU2UITests-frameworks-${CONFIGURATION}-output-files.xcfilelist",
			);
			runOnlyForDeploymentPostprocessing = 0;
			shellPath = /bin/sh;
			shellScript = "\"${PODS_ROOT}/Target Support Files/Pods-Instagram FBU2-Instagram FBU2UITests/Pods-Instagram FBU2-Instagram FBU2UITests-frameworks.sh\"\n";
			showEnvVarsInLog = 0;
		};
		91A337BBE6550FEBBC359106 /* [CP] Embed Pods Frameworks */ = {
			isa = PBXShellScriptBuildPhase;
			buildActionMask = 2147483647;
			files = (
			);
			inputFileListPaths = (
				"${PODS_ROOT}/Target Support Files/Pods-Instagram FBU2/Pods-Instagram FBU2-frameworks-${CONFIGURATION}-input-files.xcfilelist",
			);
			name = "[CP] Embed Pods Frameworks";
			outputFileListPaths = (
				"${PODS_ROOT}/Target Support Files/Pods-Instagram FBU2/Pods-Instagram FBU2-frameworks-${CONFIGURATION}-output-files.xcfilelist",
			);
			runOnlyForDeploymentPostprocessing = 0;
			shellPath = /bin/sh;
			shellScript = "\"${PODS_ROOT}/Target Support Files/Pods-Instagram FBU2/Pods-Instagram FBU2-frameworks.sh\"\n";
			showEnvVarsInLog = 0;
		};
		9D0F76660CC16B92E5B7F15C /* [CP] Check Pods Manifest.lock */ = {
			isa = PBXShellScriptBuildPhase;
			buildActionMask = 2147483647;
			files = (
			);
			inputFileListPaths = (
			);
			inputPaths = (
				"${PODS_PODFILE_DIR_PATH}/Podfile.lock",
				"${PODS_ROOT}/Manifest.lock",
			);
			name = "[CP] Check Pods Manifest.lock";
			outputFileListPaths = (
			);
			outputPaths = (
				"$(DERIVED_FILE_DIR)/Pods-Instagram FBU2-Instagram FBU2UITests-checkManifestLockResult.txt",
			);
			runOnlyForDeploymentPostprocessing = 0;
			shellPath = /bin/sh;
			shellScript = "diff \"${PODS_PODFILE_DIR_PATH}/Podfile.lock\" \"${PODS_ROOT}/Manifest.lock\" > /dev/null\nif [ $? != 0 ] ; then\n    # print error to STDERR\n    echo \"error: The sandbox is not in sync with the Podfile.lock. Run 'pod install' or update your CocoaPods installation.\" >&2\n    exit 1\nfi\n# This output is used by Xcode 'outputs' to avoid re-running this script phase.\necho \"SUCCESS\" > \"${SCRIPT_OUTPUT_FILE_0}\"\n";
			showEnvVarsInLog = 0;
		};
		A02D8B96E681816476D23C25 /* [CP] Check Pods Manifest.lock */ = {
			isa = PBXShellScriptBuildPhase;
			buildActionMask = 2147483647;
			files = (
			);
			inputFileListPaths = (
			);
			inputPaths = (
				"${PODS_PODFILE_DIR_PATH}/Podfile.lock",
				"${PODS_ROOT}/Manifest.lock",
			);
			name = "[CP] Check Pods Manifest.lock";
			outputFileListPaths = (
			);
			outputPaths = (
				"$(DERIVED_FILE_DIR)/Pods-Instagram FBU2-checkManifestLockResult.txt",
			);
			runOnlyForDeploymentPostprocessing = 0;
			shellPath = /bin/sh;
			shellScript = "diff \"${PODS_PODFILE_DIR_PATH}/Podfile.lock\" \"${PODS_ROOT}/Manifest.lock\" > /dev/null\nif [ $? != 0 ] ; then\n    # print error to STDERR\n    echo \"error: The sandbox is not in sync with the Podfile.lock. Run 'pod install' or update your CocoaPods installation.\" >&2\n    exit 1\nfi\n# This output is used by Xcode 'outputs' to avoid re-running this script phase.\necho \"SUCCESS\" > \"${SCRIPT_OUTPUT_FILE_0}\"\n";
			showEnvVarsInLog = 0;
		};
		F03C137EDB83945AEF283DB9 /* [CP] Check Pods Manifest.lock */ = {
			isa = PBXShellScriptBuildPhase;
			buildActionMask = 2147483647;
			files = (
			);
			inputFileListPaths = (
			);
			inputPaths = (
				"${PODS_PODFILE_DIR_PATH}/Podfile.lock",
				"${PODS_ROOT}/Manifest.lock",
			);
			name = "[CP] Check Pods Manifest.lock";
			outputFileListPaths = (
			);
			outputPaths = (
				"$(DERIVED_FILE_DIR)/Pods-Instagram FBU2Tests-checkManifestLockResult.txt",
			);
			runOnlyForDeploymentPostprocessing = 0;
			shellPath = /bin/sh;
			shellScript = "diff \"${PODS_PODFILE_DIR_PATH}/Podfile.lock\" \"${PODS_ROOT}/Manifest.lock\" > /dev/null\nif [ $? != 0 ] ; then\n    # print error to STDERR\n    echo \"error: The sandbox is not in sync with the Podfile.lock. Run 'pod install' or update your CocoaPods installation.\" >&2\n    exit 1\nfi\n# This output is used by Xcode 'outputs' to avoid re-running this script phase.\necho \"SUCCESS\" > \"${SCRIPT_OUTPUT_FILE_0}\"\n";
			showEnvVarsInLog = 0;
		};
/* End PBXShellScriptBuildPhase section */

/* Begin PBXSourcesBuildPhase section */
		DFFD2D4F2698E36C003911FE /* Sources */ = {
			isa = PBXSourcesBuildPhase;
			buildActionMask = 2147483647;
			files = (
				DF3CB6CB2698E5350021C212 /* FeedViewController.m in Sources */,
				DF3CB6CD2698E5350021C212 /* DetailViewController.m in Sources */,
				DF3CB6C52698E5350021C212 /* UserProfile.m in Sources */,
				DF3CB6C72698E5350021C212 /* Comment.m in Sources */,
				DF3CB6C12698E5350021C212 /* SceneDelegate.m in Sources */,
				DF3CB6C62698E5350021C212 /* Post.m in Sources */,
				DF3CB6C42698E5350021C212 /* MediaManager.m in Sources */,
				DF3CB6D22698E5350021C212 /* CommentTableViewCell.m in Sources */,
				DF3CB6CF2698E5350021C212 /* ProfileViewController.m in Sources */,
				DF3CB6C22698E5350021C212 /* main.m in Sources */,
				DF3CB6D12698E5350021C212 /* PostCollectionViewCell.m in Sources */,
				DF3CB6D32698E5350021C212 /* ProfileHeaderCollectionReusableView.m in Sources */,
				DF3CB6C92698E5350021C212 /* TabBarController.m in Sources */,
				DF3CB6C32698E5350021C212 /* AppDelegate.m in Sources */,
				DF3CB6CA2698E5350021C212 /* SettingsViewController.m in Sources */,
				DF3CB6CE2698E5350021C212 /* EditPostViewController.m in Sources */,
				DF3CB6CC2698E5350021C212 /* LoginViewController.m in Sources */,
				DF3CB6D02698E5350021C212 /* PostTableViewCell.m in Sources */,
			);
			runOnlyForDeploymentPostprocessing = 0;
		};
		DFFD2D6A2698E36D003911FE /* Sources */ = {
			isa = PBXSourcesBuildPhase;
			buildActionMask = 2147483647;
			files = (
				DFFD2D732698E36D003911FE /* Instagram_FBU2Tests.m in Sources */,
			);
			runOnlyForDeploymentPostprocessing = 0;
		};
		DFFD2D752698E36D003911FE /* Sources */ = {
			isa = PBXSourcesBuildPhase;
			buildActionMask = 2147483647;
			files = (
				DFFD2D7E2698E36D003911FE /* Instagram_FBU2UITests.m in Sources */,
			);
			runOnlyForDeploymentPostprocessing = 0;
		};
/* End PBXSourcesBuildPhase section */

/* Begin PBXTargetDependency section */
		DFFD2D702698E36D003911FE /* PBXTargetDependency */ = {
			isa = PBXTargetDependency;
			target = DFFD2D522698E36C003911FE /* Instagram FBU2 */;
			targetProxy = DFFD2D6F2698E36D003911FE /* PBXContainerItemProxy */;
		};
		DFFD2D7B2698E36D003911FE /* PBXTargetDependency */ = {
			isa = PBXTargetDependency;
			target = DFFD2D522698E36C003911FE /* Instagram FBU2 */;
			targetProxy = DFFD2D7A2698E36D003911FE /* PBXContainerItemProxy */;
		};
/* End PBXTargetDependency section */

/* Begin PBXVariantGroup section */
		DF3CB6902698E5350021C212 /* LaunchScreen.storyboard */ = {
			isa = PBXVariantGroup;
			children = (
				DF3CB6912698E5350021C212 /* Base */,
			);
			name = LaunchScreen.storyboard;
			sourceTree = "<group>";
		};
		DF3CB6922698E5350021C212 /* Main.storyboard */ = {
			isa = PBXVariantGroup;
			children = (
				DF3CB6932698E5350021C212 /* Base */,
			);
			name = Main.storyboard;
			sourceTree = "<group>";
		};
/* End PBXVariantGroup section */

/* Begin XCBuildConfiguration section */
		DFFD2D802698E36D003911FE /* Debug */ = {
			isa = XCBuildConfiguration;
			buildSettings = {
				ALWAYS_SEARCH_USER_PATHS = NO;
				CLANG_ANALYZER_NONNULL = YES;
				CLANG_ANALYZER_NUMBER_OBJECT_CONVERSION = YES_AGGRESSIVE;
				CLANG_CXX_LANGUAGE_STANDARD = "gnu++14";
				CLANG_CXX_LIBRARY = "libc++";
				CLANG_ENABLE_MODULES = YES;
				CLANG_ENABLE_OBJC_ARC = YES;
				CLANG_ENABLE_OBJC_WEAK = YES;
				CLANG_WARN_BLOCK_CAPTURE_AUTORELEASING = YES;
				CLANG_WARN_BOOL_CONVERSION = YES;
				CLANG_WARN_COMMA = YES;
				CLANG_WARN_CONSTANT_CONVERSION = YES;
				CLANG_WARN_DEPRECATED_OBJC_IMPLEMENTATIONS = YES;
				CLANG_WARN_DIRECT_OBJC_ISA_USAGE = YES_ERROR;
				CLANG_WARN_DOCUMENTATION_COMMENTS = YES;
				CLANG_WARN_EMPTY_BODY = YES;
				CLANG_WARN_ENUM_CONVERSION = YES;
				CLANG_WARN_INFINITE_RECURSION = YES;
				CLANG_WARN_INT_CONVERSION = YES;
				CLANG_WARN_NON_LITERAL_NULL_CONVERSION = YES;
				CLANG_WARN_OBJC_IMPLICIT_RETAIN_SELF = YES;
				CLANG_WARN_OBJC_LITERAL_CONVERSION = YES;
				CLANG_WARN_OBJC_ROOT_CLASS = YES_ERROR;
				CLANG_WARN_QUOTED_INCLUDE_IN_FRAMEWORK_HEADER = YES;
				CLANG_WARN_RANGE_LOOP_ANALYSIS = YES;
				CLANG_WARN_STRICT_PROTOTYPES = YES;
				CLANG_WARN_SUSPICIOUS_MOVE = YES;
				CLANG_WARN_UNGUARDED_AVAILABILITY = YES_AGGRESSIVE;
				CLANG_WARN_UNREACHABLE_CODE = YES;
				CLANG_WARN__DUPLICATE_METHOD_MATCH = YES;
				COPY_PHASE_STRIP = NO;
				DEBUG_INFORMATION_FORMAT = dwarf;
				ENABLE_STRICT_OBJC_MSGSEND = YES;
				ENABLE_TESTABILITY = YES;
				GCC_C_LANGUAGE_STANDARD = gnu11;
				GCC_DYNAMIC_NO_PIC = NO;
				GCC_NO_COMMON_BLOCKS = YES;
				GCC_OPTIMIZATION_LEVEL = 0;
				GCC_PREPROCESSOR_DEFINITIONS = (
					"DEBUG=1",
					"$(inherited)",
				);
				GCC_WARN_64_TO_32_BIT_CONVERSION = YES;
				GCC_WARN_ABOUT_RETURN_TYPE = YES_ERROR;
				GCC_WARN_UNDECLARED_SELECTOR = YES;
				GCC_WARN_UNINITIALIZED_AUTOS = YES_AGGRESSIVE;
				GCC_WARN_UNUSED_FUNCTION = YES;
				GCC_WARN_UNUSED_VARIABLE = YES;
				IPHONEOS_DEPLOYMENT_TARGET = 14.5;
				MTL_ENABLE_DEBUG_INFO = INCLUDE_SOURCE;
				MTL_FAST_MATH = YES;
				ONLY_ACTIVE_ARCH = YES;
				SDKROOT = iphoneos;
			};
			name = Debug;
		};
		DFFD2D812698E36D003911FE /* Release */ = {
			isa = XCBuildConfiguration;
			buildSettings = {
				ALWAYS_SEARCH_USER_PATHS = NO;
				CLANG_ANALYZER_NONNULL = YES;
				CLANG_ANALYZER_NUMBER_OBJECT_CONVERSION = YES_AGGRESSIVE;
				CLANG_CXX_LANGUAGE_STANDARD = "gnu++14";
				CLANG_CXX_LIBRARY = "libc++";
				CLANG_ENABLE_MODULES = YES;
				CLANG_ENABLE_OBJC_ARC = YES;
				CLANG_ENABLE_OBJC_WEAK = YES;
				CLANG_WARN_BLOCK_CAPTURE_AUTORELEASING = YES;
				CLANG_WARN_BOOL_CONVERSION = YES;
				CLANG_WARN_COMMA = YES;
				CLANG_WARN_CONSTANT_CONVERSION = YES;
				CLANG_WARN_DEPRECATED_OBJC_IMPLEMENTATIONS = YES;
				CLANG_WARN_DIRECT_OBJC_ISA_USAGE = YES_ERROR;
				CLANG_WARN_DOCUMENTATION_COMMENTS = YES;
				CLANG_WARN_EMPTY_BODY = YES;
				CLANG_WARN_ENUM_CONVERSION = YES;
				CLANG_WARN_INFINITE_RECURSION = YES;
				CLANG_WARN_INT_CONVERSION = YES;
				CLANG_WARN_NON_LITERAL_NULL_CONVERSION = YES;
				CLANG_WARN_OBJC_IMPLICIT_RETAIN_SELF = YES;
				CLANG_WARN_OBJC_LITERAL_CONVERSION = YES;
				CLANG_WARN_OBJC_ROOT_CLASS = YES_ERROR;
				CLANG_WARN_QUOTED_INCLUDE_IN_FRAMEWORK_HEADER = YES;
				CLANG_WARN_RANGE_LOOP_ANALYSIS = YES;
				CLANG_WARN_STRICT_PROTOTYPES = YES;
				CLANG_WARN_SUSPICIOUS_MOVE = YES;
				CLANG_WARN_UNGUARDED_AVAILABILITY = YES_AGGRESSIVE;
				CLANG_WARN_UNREACHABLE_CODE = YES;
				CLANG_WARN__DUPLICATE_METHOD_MATCH = YES;
				COPY_PHASE_STRIP = NO;
				DEBUG_INFORMATION_FORMAT = "dwarf-with-dsym";
				ENABLE_NS_ASSERTIONS = NO;
				ENABLE_STRICT_OBJC_MSGSEND = YES;
				GCC_C_LANGUAGE_STANDARD = gnu11;
				GCC_NO_COMMON_BLOCKS = YES;
				GCC_WARN_64_TO_32_BIT_CONVERSION = YES;
				GCC_WARN_ABOUT_RETURN_TYPE = YES_ERROR;
				GCC_WARN_UNDECLARED_SELECTOR = YES;
				GCC_WARN_UNINITIALIZED_AUTOS = YES_AGGRESSIVE;
				GCC_WARN_UNUSED_FUNCTION = YES;
				GCC_WARN_UNUSED_VARIABLE = YES;
				IPHONEOS_DEPLOYMENT_TARGET = 14.5;
				MTL_ENABLE_DEBUG_INFO = NO;
				MTL_FAST_MATH = YES;
				SDKROOT = iphoneos;
				VALIDATE_PRODUCT = YES;
			};
			name = Release;
		};
		DFFD2D832698E36D003911FE /* Debug */ = {
			isa = XCBuildConfiguration;
			baseConfigurationReference = 88C858E4428BF2A73C9AC98C /* Pods-Instagram FBU2.debug.xcconfig */;
			buildSettings = {
				ASSETCATALOG_COMPILER_APPICON_NAME = AppIcon;
				ASSETCATALOG_COMPILER_GLOBAL_ACCENT_COLOR_NAME = AccentColor;
				CODE_SIGN_STYLE = Automatic;
				DEVELOPMENT_TEAM = 6P8ZRP65P6;
				INFOPLIST_FILE = "Instagram FBU2/Info.plist";
				LD_RUNPATH_SEARCH_PATHS = (
					"$(inherited)",
					"@executable_path/Frameworks",
				);
				PRODUCT_BUNDLE_IDENTIFIER = "com.AtemnkengFontem.Instagram-FBU2";
				PRODUCT_NAME = "$(TARGET_NAME)";
				TARGETED_DEVICE_FAMILY = "1,2";
			};
			name = Debug;
		};
		DFFD2D842698E36D003911FE /* Release */ = {
			isa = XCBuildConfiguration;
			baseConfigurationReference = 26944CF982E78553BF4B2974 /* Pods-Instagram FBU2.release.xcconfig */;
			buildSettings = {
				ASSETCATALOG_COMPILER_APPICON_NAME = AppIcon;
				ASSETCATALOG_COMPILER_GLOBAL_ACCENT_COLOR_NAME = AccentColor;
				CODE_SIGN_STYLE = Automatic;
				DEVELOPMENT_TEAM = 6P8ZRP65P6;
				INFOPLIST_FILE = "Instagram FBU2/Info.plist";
				LD_RUNPATH_SEARCH_PATHS = (
					"$(inherited)",
					"@executable_path/Frameworks",
				);
				PRODUCT_BUNDLE_IDENTIFIER = "com.AtemnkengFontem.Instagram-FBU2";
				PRODUCT_NAME = "$(TARGET_NAME)";
				TARGETED_DEVICE_FAMILY = "1,2";
			};
			name = Release;
		};
		DFFD2D862698E36D003911FE /* Debug */ = {
			isa = XCBuildConfiguration;
			baseConfigurationReference = 4160EFA7CBEF18452BDC9BDD /* Pods-Instagram FBU2Tests.debug.xcconfig */;
			buildSettings = {
				BUNDLE_LOADER = "$(TEST_HOST)";
				CODE_SIGN_STYLE = Automatic;
				DEVELOPMENT_TEAM = 6P8ZRP65P6;
				INFOPLIST_FILE = "Instagram FBU2Tests/Info.plist";
				IPHONEOS_DEPLOYMENT_TARGET = 14.5;
				LD_RUNPATH_SEARCH_PATHS = (
					"$(inherited)",
					"@executable_path/Frameworks",
					"@loader_path/Frameworks",
				);
				PRODUCT_BUNDLE_IDENTIFIER = "com.AtemnkengFontem.Instagram-FBU2Tests";
				PRODUCT_NAME = "$(TARGET_NAME)";
				TARGETED_DEVICE_FAMILY = "1,2";
				TEST_HOST = "$(BUILT_PRODUCTS_DIR)/Instagram FBU2.app/Instagram FBU2";
			};
			name = Debug;
		};
		DFFD2D872698E36D003911FE /* Release */ = {
			isa = XCBuildConfiguration;
			baseConfigurationReference = 624741A4EE7228AFA5A41607 /* Pods-Instagram FBU2Tests.release.xcconfig */;
			buildSettings = {
				BUNDLE_LOADER = "$(TEST_HOST)";
				CODE_SIGN_STYLE = Automatic;
				DEVELOPMENT_TEAM = 6P8ZRP65P6;
				INFOPLIST_FILE = "Instagram FBU2Tests/Info.plist";
				IPHONEOS_DEPLOYMENT_TARGET = 14.5;
				LD_RUNPATH_SEARCH_PATHS = (
					"$(inherited)",
					"@executable_path/Frameworks",
					"@loader_path/Frameworks",
				);
				PRODUCT_BUNDLE_IDENTIFIER = "com.AtemnkengFontem.Instagram-FBU2Tests";
				PRODUCT_NAME = "$(TARGET_NAME)";
				TARGETED_DEVICE_FAMILY = "1,2";
				TEST_HOST = "$(BUILT_PRODUCTS_DIR)/Instagram FBU2.app/Instagram FBU2";
			};
			name = Release;
		};
		DFFD2D892698E36D003911FE /* Debug */ = {
			isa = XCBuildConfiguration;
			baseConfigurationReference = D24245B7F42C76652AEAD88F /* Pods-Instagram FBU2-Instagram FBU2UITests.debug.xcconfig */;
			buildSettings = {
				CODE_SIGN_STYLE = Automatic;
				DEVELOPMENT_TEAM = 6P8ZRP65P6;
				INFOPLIST_FILE = "Instagram FBU2UITests/Info.plist";
				LD_RUNPATH_SEARCH_PATHS = (
					"$(inherited)",
					"@executable_path/Frameworks",
					"@loader_path/Frameworks",
				);
				PRODUCT_BUNDLE_IDENTIFIER = "com.AtemnkengFontem.Instagram-FBU2UITests";
				PRODUCT_NAME = "$(TARGET_NAME)";
				TARGETED_DEVICE_FAMILY = "1,2";
				TEST_TARGET_NAME = "Instagram FBU2";
			};
			name = Debug;
		};
		DFFD2D8A2698E36D003911FE /* Release */ = {
			isa = XCBuildConfiguration;
			baseConfigurationReference = 3CC430B799EC4159E1F220D5 /* Pods-Instagram FBU2-Instagram FBU2UITests.release.xcconfig */;
			buildSettings = {
				CODE_SIGN_STYLE = Automatic;
				DEVELOPMENT_TEAM = 6P8ZRP65P6;
				INFOPLIST_FILE = "Instagram FBU2UITests/Info.plist";
				LD_RUNPATH_SEARCH_PATHS = (
					"$(inherited)",
					"@executable_path/Frameworks",
					"@loader_path/Frameworks",
				);
				PRODUCT_BUNDLE_IDENTIFIER = "com.AtemnkengFontem.Instagram-FBU2UITests";
				PRODUCT_NAME = "$(TARGET_NAME)";
				TARGETED_DEVICE_FAMILY = "1,2";
				TEST_TARGET_NAME = "Instagram FBU2";
			};
			name = Release;
		};
/* End XCBuildConfiguration section */

/* Begin XCConfigurationList section */
		DFFD2D4E2698E36C003911FE /* Build configuration list for PBXProject "Instagram FBU2" */ = {
			isa = XCConfigurationList;
			buildConfigurations = (
				DFFD2D802698E36D003911FE /* Debug */,
				DFFD2D812698E36D003911FE /* Release */,
			);
			defaultConfigurationIsVisible = 0;
			defaultConfigurationName = Release;
		};
		DFFD2D822698E36D003911FE /* Build configuration list for PBXNativeTarget "Instagram FBU2" */ = {
			isa = XCConfigurationList;
			buildConfigurations = (
				DFFD2D832698E36D003911FE /* Debug */,
				DFFD2D842698E36D003911FE /* Release */,
			);
			defaultConfigurationIsVisible = 0;
			defaultConfigurationName = Release;
		};
		DFFD2D852698E36D003911FE /* Build configuration list for PBXNativeTarget "Instagram FBU2Tests" */ = {
			isa = XCConfigurationList;
			buildConfigurations = (
				DFFD2D862698E36D003911FE /* Debug */,
				DFFD2D872698E36D003911FE /* Release */,
			);
			defaultConfigurationIsVisible = 0;
			defaultConfigurationName = Release;
		};
		DFFD2D882698E36D003911FE /* Build configuration list for PBXNativeTarget "Instagram FBU2UITests" */ = {
			isa = XCConfigurationList;
			buildConfigurations = (
				DFFD2D892698E36D003911FE /* Debug */,
				DFFD2D8A2698E36D003911FE /* Release */,
			);
			defaultConfigurationIsVisible = 0;
			defaultConfigurationName = Release;
		};
/* End XCConfigurationList section */
	};
	rootObject = DFFD2D4B2698E36C003911FE /* Project object */;
}
